
Microsoft Visual Studio Solution File, Format Version 12.00
# Visual Studio Version 16
VisualStudioVersion = 16.0.29306.81
MinimumVisualStudioVersion = 10.0.40219.1
Project("{FAE04EC0-301F-11D3-BF4B-00C04F79EFBC}") = "ComboBox", "ComboBox\ComboBox.csproj", "{756EFE42-5D4A-465B-8383-D3AF3CD0384A}"
EndProject
Global
	GlobalSection(SolutionConfigurationPlatforms) = preSolution
		Debug|Any CPU = Debug|Any CPU
		Release|Any CPU = Release|Any CPU
	EndGlobalSection
	GlobalSection(ProjectConfigurationPlatforms) = postSolution
		{756EFE42-5D4A-465B-8383-D3AF3CD0384A}.Debug|Any CPU.ActiveCfg = Debug|Any CPU
		{756EFE42-5D4A-465B-8383-D3AF3CD0384A}.Debug|Any CPU.Build.0 = Debug|Any CPU
		{756EFE42-5D4A-465B-8383-D3AF3CD0384A}.Release|Any CPU.ActiveCfg = Release|Any CPU
		{756EFE42-5D4A-465B-8383-D3AF3CD0384A}.Release|Any CPU.Build.0 = Release|Any CPU
	EndGlobalSection
	GlobalSection(SolutionProperties) = preSolution
		HideSolutionNode = FALSE
	EndGlobalSection
	GlobalSection(ExtensibilityGlobals) = postSolution
		SolutionGuid = {268A787E-A8C1-442C-B539-F382DD5FD0E7}
	EndGlobalSection
EndGlobal
